// !$*UTF8*$!
{
	archiveVersion = 1;
	classes = {
	};
	objectVersion = 46;
	objects = {

/* Begin PBXBuildFile section */
		667F60841C8039DB00F72FF7 /* main.m in Sources */ = {isa = PBXBuildFile; fileRef = 667F60831C8039DB00F72FF7 /* main.m */; };
		667F60871C8039DB00F72FF7 /* AppDelegate.m in Sources */ = {isa = PBXBuildFile; fileRef = 667F60861C8039DB00F72FF7 /* AppDelegate.m */; };
		667F608A1C8039DB00F72FF7 /* ViewController.m in Sources */ = {isa = PBXBuildFile; fileRef = 667F60891C8039DB00F72FF7 /* ViewController.m */; };
		667F608D1C8039DB00F72FF7 /* Main.storyboard in Resources */ = {isa = PBXBuildFile; fileRef = 667F608B1C8039DB00F72FF7 /* Main.storyboard */; };
		667F608F1C8039DB00F72FF7 /* Assets.xcassets in Resources */ = {isa = PBXBuildFile; fileRef = 667F608E1C8039DB00F72FF7 /* Assets.xcassets */; };
		667F60921C8039DB00F72FF7 /* LaunchScreen.storyboard in Resources */ = {isa = PBXBuildFile; fileRef = 667F60901C8039DB00F72FF7 /* LaunchScreen.storyboard */; };
/* End PBXBuildFile section */

/* Begin PBXFileReference section */
		667F607F1C8039DB00F72FF7 /* NewDemo.app */ = {isa = PBXFileReference; explicitFileType = wrapper.application; includeInIndex = 0; path = NewDemo.app; sourceTree = BUILT_PRODUCTS_DIR; };
		667F60831C8039DB00F72FF7 /* main.m */ = {isa = PBXFileReference; lastKnownFileType = sourcecode.c.objc; path = main.m; sourceTree = "<group>"; };
		667F60851C8039DB00F72FF7 /* AppDelegate.h */ = {isa = PBXFileReference; lastKnownFileType = sourcecode.c.h; path = AppDelegate.h; sourceTree = "<group>"; };
		667F60861C8039DB00F72FF7 /* AppDelegate.m */ = {isa = PBXFileReference; lastKnownFileType = sourcecode.c.objc; path = AppDelegate.m; sourceTree = "<group>"; };
		667F60881C8039DB00F72FF7 /* ViewController.h */ = {isa = PBXFileReference; lastKnownFileType = sourcecode.c.h; path = ViewController.h; sourceTree = "<group>"; };
		667F60891C8039DB00F72FF7 /* ViewController.m */ = {isa = PBXFileReference; lastKnownFileType = sourcecode.c.objc; path = ViewController.m; sourceTree = "<group>"; };
		667F608C1C8039DB00F72FF7 /* Base */ = {isa = PBXFileReference; lastKnownFileType = file.storyboard; name = Base; path = Base.lproj/Main.storyboard; sourceTree = "<group>"; };
		667F608E1C8039DB00F72FF7 /* Assets.xcassets */ = {isa = PBXFileReference; lastKnownFileType = folder.assetcatalog; path = Assets.xcassets; sourceTree = "<group>"; };
		667F60911C8039DB00F72FF7 /* Base */ = {isa = PBXFileReference; lastKnownFileType = file.storyboard; name = Base; path = Base.lproj/LaunchScreen.storyboard; sourceTree = "<group>"; };
		667F60931C8039DB00F72FF7 /* Info.plist */ = {isa = PBXFileReference; lastKnownFileType = text.plist.xml; path = Info.plist; sourceTree = "<group>"; };
/* End PBXFileReference section */

/* Begin PBXFrameworksBuildPhase section */
		667F607C1C8039DB00F72FF7 /* Frameworks */ = {
			isa = PBXFrameworksBuildPhase;
			buildActionMask = 2147483647;
			files = (
			);
			runOnlyForDeploymentPostprocessing = 0;
		};
/* End PBXFrameworksBuildPhase section */

/* Begin PBXGroup section */
		667F60761C8039DB00F72FF7 = {
			isa = PBXGroup;
			children = (
				667F60811C8039DB00F72FF7 /* NewDemo */,
				667F60801C8039DB00F72FF7 /* Products */,
			);
			sourceTree = "<group>";
		};
		667F60801C8039DB00F72FF7 /* Products */ = {
			isa = PBXGroup;
			children = (
				667F607F1C8039DB00F72FF7 /* NewDemo.app */,
			);
			name = Products;
			sourceTree = "<group>";
		};
		667F60811C8039DB00F72FF7 /* NewDemo */ = {
			isa = PBXGroup;
			children = (
				667F60851C8039DB00F72FF7 /* AppDelegate.h */,
				667F60861C8039DB00F72FF7 /* AppDelegate.m */,
				667F60881C8039DB00F72FF7 /* ViewController.h */,
				667F60891C8039DB00F72FF7 /* ViewController.m */,
				667F608B1C8039DB00F72FF7 /* Main.storyboard */,
				667F608E1C8039DB00F72FF7 /* Assets.xcassets */,
				667F60901C8039DB00F72FF7 /* LaunchScreen.storyboard */,
				667F60931C8039DB00F72FF7 /* Info.plist */,
				667F60821C8039DB00F72FF7 /* Supporting Files */,
			);
			path = NewDemo;
			sourceTree = "<group>";
		};
		667F60821C8039DB00F72FF7 /* Supporting Files */ = {
			isa = PBXGroup;
			children = (
				667F60831C8039DB00F72FF7 /* main.m */,
			);
			name = "Supporting Files";
			sourceTree = "<group>";
		};
/* End PBXGroup section */

/* Begin PBXNativeTarget section */
		667F607E1C8039DB00F72FF7 /* NewDemo */ = {
			isa = PBXNativeTarget;
			buildConfigurationList = 667F60961C8039DB00F72FF7 /* Build configuration list for PBXNativeTarget "NewDemo" */;
			buildPhases = (
				667F607B1C8039DB00F72FF7 /* Sources */,
				667F607C1C8039DB00F72FF7 /* Frameworks */,
				667F607D1C8039DB00F72FF7 /* Resources */,
			);
			buildRules = (
			);
			dependencies = (
			);
			name = NewDemo;
			productName = NewDemo;
			productReference = 667F607F1C8039DB00F72FF7 /* NewDemo.app */;
			productType = "com.apple.product-type.application";
		};
/* End PBXNativeTarget section */

/* Begin PBXProject section */
		667F60771C8039DB00F72FF7 /* Project object */ = {
			isa = PBXProject;
			attributes = {
				LastUpgradeCheck = 0720;
				ORGANIZATIONNAME = niit;
				TargetAttributes = {
					667F607E1C8039DB00F72FF7 = {
						CreatedOnToolsVersion = 7.2;
					};
				};
			};
			buildConfigurationList = 667F607A1C8039DB00F72FF7 /* Build configuration list for PBXProject "NewDemo" */;
			compatibilityVersion = "Xcode 3.2";
			developmentRegion = English;
			hasScannedForEncodings = 0;
			knownRegions = (
				en,
				Base,
			);
			mainGroup = 667F60761C8039DB00F72FF7;
			productRefGroup = 667F60801C8039DB00F72FF7 /* Products */;
			projectDirPath = "";
			projectRoot = "";
			targets = (
				667F607E1C8039DB00F72FF7 /* NewDemo */,
			);
		};
/* End PBXProject section */

/* Begin PBXResourcesBuildPhase section */
		667F607D1C8039DB00F72FF7 /* Resources */ = {
			isa = PBXResourcesBuildPhase;
			buildActionMask = 2147483647;
			files = (
				667F60921C8039DB00F72FF7 /* LaunchScreen.storyboard in Resources */,
				667F608F1C8039DB00F72FF7 /* Assets.xcassets in Resources */,
				667F608D1C8039DB00F72FF7 /* Main.storyboard in Resources */,
			);
			runOnlyForDeploymentPostprocessing = 0;
		};
/* End PBXResourcesBuildPhase section */

/* Begin PBXSourcesBuildPhase section */
		667F607B1C8039DB00F72FF7 /* Sources */ = {
			isa = PBXSourcesBuildPhase;
			buildActionMask = 2147483647;
			files = (
				667F608A1C8039DB00F72FF7 /* ViewController.m in Sources */,
				667F60871C8039DB00F72FF7 /* AppDelegate.m in Sources */,
				667F60841C8039DB00F72FF7 /* main.m in Sources */,
			);
			runOnlyForDeploymentPostprocessing = 0;
		};
/* End PBXSourcesBuildPhase section */

/* Begin PBXVariantGroup section */
		667F608B1C8039DB00F72FF7 /* Main.storyboard */ = {
			isa = PBXVariantGroup;
			children = (
				667F608C1C8039DB00F72FF7 /* Base */,
			);
			name = Main.storyboard;
			sourceTree = "<group>";
		};
		667F60901C8039DB00F72FF7 /* LaunchScreen.storyboard */ = {
			isa = PBXVariantGroup;
			children = (
				667F60911C8039DB00F72FF7 /* Base */,
			);
			name = LaunchScreen.storyboard;
			sourceTree = "<group>";
		};
/* End PBXVariantGroup section */

/* Begin XCBuildConfiguration section */
		667F60941C8039DB00F72FF7 /* Debug */ = {
			isa = XCBuildConfiguration;
			buildSettings = {
				ALWAYS_SEARCH_USER_PATHS = NO;
				CLANG_CXX_LANGUAGE_STANDARD = "gnu++0x";
				CLANG_CXX_LIBRARY = "libc++";
				CLANG_ENABLE_MODULES = YES;
				CLANG_ENABLE_OBJC_ARC = YES;
				CLANG_WARN_BOOL_CONVERSION = YES;
				CLANG_WARN_CONSTANT_CONVERSION = YES;
				CLANG_WARN_DIRECT_OBJC_ISA_USAGE = YES_ERROR;
				CLANG_WARN_EMPTY_BODY = YES;
				CLANG_WARN_ENUM_CONVERSION = YES;
				CLANG_WARN_INT_CONVERSION = YES;
				CLANG_WARN_OBJC_ROOT_CLASS = YES_ERROR;
				CLANG_WARN_UNREACHABLE_CODE = YES;
				CLANG_WARN__DUPLICATE_METHOD_MATCH = YES;
				"CODE_SIGN_IDENTITY[sdk=iphoneos*]" = "iPhone Developer";
				COPY_PHASE_STRIP = NO;
				DEBUG_INFORMATION_FORMAT = dwarf;
				ENABLE_STRICT_OBJC_MSGSEND = YES;
				ENABLE_TESTABILITY = YES;
				GCC_C_LANGUAGE_STANDARD = gnu99;
				GCC_DYNAMIC_NO_PIC = NO;
				GCC_NO_COMMON_BLOCKS = YES;
				GCC_OPTIMIZATION_LEVEL = 0;
				GCC_PREPROCESSOR_DEFINITIONS = (
					"DEBUG=1",
					"$(inherited)",
				);
				GCC_WARN_64_TO_32_BIT_CONVERSION = YES;
				GCC_WARN_ABOUT_RETURN_TYPE = YES_ERROR;
				GCC_WARN_UNDECLARED_SELECTOR = YES;
				GCC_WARN_UNINITIALIZED_AUTOS = YES_AGGRESSIVE;
				GCC_WARN_UNUSED_FUNCTION = YES;
				GCC_WARN_UNUSED_VARIABLE = YES;
				IPHONEOS_DEPLOYMENT_TARGET = 9.2;
				MTL_ENABLE_DEBUG_INFO = YES;
				ONLY_ACTIVE_ARCH = YES;
				SDKROOT = iphoneos;
			};
			name = Debug;
		};
		667F60951C8039DB00F72FF7 /* Release */ = {
			isa = XCBuildConfiguration;
			buildSettings = {
				ALWAYS_SEARCH_USER_PATHS = NO;
				CLANG_CXX_LANGUAGE_STANDARD = "gnu++0x";
				CLANG_CXX_LIBRARY = "libc++";
				CLANG_ENABLE_MODULES = YES;
				CLANG_ENABLE_OBJC_ARC = YES;
				CLANG_WARN_BOOL_CONVERSION = YES;
				CLANG_WARN_CONSTANT_CONVERSION = YES;
				CLANG_WARN_DIRECT_OBJC_ISA_USAGE = YES_ERROR;
				CLANG_WARN_EMPTY_BODY = YES;
				CLANG_WARN_ENUM_CONVERSION = YES;
				CLANG_WARN_INT_CONVERSION = YES;
				CLANG_WARN_OBJC_ROOT_CLASS = YES_ERROR;
				CLANG_WARN_UNREACHABLE_CODE = YES;
				CLANG_WARN__DUPLICATE_METHOD_MATCH = YES;
				"CODE_SIGN_IDENTITY[sdk=iphoneos*]" = "iPhone Developer";
				COPY_PHASE_STRIP = NO;
				DEBUG_INFORMATION_FORMAT = "dwarf-with-dsym";
				ENABLE_NS_ASSERTIONS = NO;
				ENABLE_STRICT_OBJC_MSGSEND = YES;
				GCC_C_LANGUAGE_STANDARD = gnu99;
				GCC_NO_COMMON_BLOCKS = YES;
				GCC_WARN_64_TO_32_BIT_CONVERSION = YES;
				GCC_WARN_ABOUT_RETURN_TYPE = YES_ERROR;
				GCC_WARN_UNDECLARED_SELECTOR = YES;
				GCC_WARN_UNINITIALIZED_AUTOS = YES_AGGRESSIVE;
				GCC_WARN_UNUSED_FUNCTION = YES;
				GCC_WARN_UNUSED_VARIABLE = YES;
				IPHONEOS_DEPLOYMENT_TARGET = 9.2;
				MTL_ENABLE_DEBUG_INFO = NO;
				SDKROOT = iphoneos;
				VALIDATE_PRODUCT = YES;
			};
			name = Release;
		};
		667F60971C8039DB00F72FF7 /* Debug */ = {
			isa = XCBuildConfiguration;
			buildSettings = {
				ASSETCATALOG_COMPILER_APPICON_NAME = AppIcon;
				INFOPLIST_FILE = NewDemo/Info.plist;
				LD_RUNPATH_SEARCH_PATHS = "$(inherited) @executable_path/Frameworks";
				PRODUCT_BUNDLE_IDENTIFIER = com.niit.NewDemo;
				PRODUCT_NAME = "$(TARGET_NAME)";
			};
			name = Debug;
		};
		667F60981C8039DB00F72FF7 /* Release */ = {
			isa = XCBuildConfiguration;
			buildSettings = {
				ASSETCATALOG_COMPILER_APPICON_NAME = AppIcon;
				INFOPLIST_FILE = NewDemo/Info.plist;
				LD_RUNPATH_SEARCH_PATHS = "$(inherited) @executable_path/Frameworks";
				PRODUCT_BUNDLE_IDENTIFIER = com.niit.NewDemo;
				PRODUCT_NAME = "$(TARGET_NAME)";
			};
			name = Release;
		};
/* End XCBuildConfiguration section */

/* Begin XCConfigurationList section */
		667F607A1C8039DB00F72FF7 /* Build configuration list for PBXProject "NewDemo" */ = {
			isa = XCConfigurationList;
			buildConfigurations = (
				667F60941C8039DB00F72FF7 /* Debug */,
				667F60951C8039DB00F72FF7 /* Release */,
			);
			defaultConfigurationIsVisible = 0;
			defaultConfigurationName = Release;
		};
		667F60961C8039DB00F72FF7 /* Build configuration list for PBXNativeTarget "NewDemo" */ = {
			isa = XCConfigurationList;
			buildConfigurations = (
				667F60971C8039DB00F72FF7 /* Debug */,
				667F60981C8039DB00F72FF7 /* Release */,
			);
			defaultConfigurationIsVisible = 0;
		};
/* End XCConfigurationList section */
	};
	rootObject = 667F60771C8039DB00F72FF7 /* Project object */;
}
